// !$*UTF8*$!
{
	archiveVersion = 1;
	classes = {
	};
	objectVersion = 46;
	objects = {

/* Begin PBXBuildFile section */
		D6676DEE1F6B2E5B003537E8 /* AppDelegate.swift in Sources */ = {isa = PBXBuildFile; fileRef = D6676DED1F6B2E5B003537E8 /* AppDelegate.swift */; };
		D6676DF01F6B2E5B003537E8 /* MainVC.swift in Sources */ = {isa = PBXBuildFile; fileRef = D6676DEF1F6B2E5B003537E8 /* MainVC.swift */; };
		D6676DF31F6B2E5B003537E8 /* Main.storyboard in Resources */ = {isa = PBXBuildFile; fileRef = D6676DF11F6B2E5B003537E8 /* Main.storyboard */; };
		D6676DF61F6B2E5B003537E8 /* DreamLister.xcdatamodeld in Sources */ = {isa = PBXBuildFile; fileRef = D6676DF41F6B2E5B003537E8 /* DreamLister.xcdatamodeld */; };
		D6676DF81F6B2E5B003537E8 /* Assets.xcassets in Resources */ = {isa = PBXBuildFile; fileRef = D6676DF71F6B2E5B003537E8 /* Assets.xcassets */; };
		D6676DFB1F6B2E5B003537E8 /* LaunchScreen.storyboard in Resources */ = {isa = PBXBuildFile; fileRef = D6676DF91F6B2E5B003537E8 /* LaunchScreen.storyboard */; };
		D69222821F6B78A100FA5922 /* Tesla_Model_X.jpg in Resources */ = {isa = PBXBuildFile; fileRef = D69222811F6B78A100FA5922 /* Tesla_Model_X.jpg */; };
		D69222851F6B790300FA5922 /* MaterialView.swift in Sources */ = {isa = PBXBuildFile; fileRef = D69222841F6B790300FA5922 /* MaterialView.swift */; };
		D69222871F6B7C1500FA5922 /* ItemCell.swift in Sources */ = {isa = PBXBuildFile; fileRef = D69222861F6B7C1500FA5922 /* ItemCell.swift */; };
/* End PBXBuildFile section */

/* Begin PBXFileReference section */
		D6676DEA1F6B2E5B003537E8 /* DreamLister.app */ = {isa = PBXFileReference; explicitFileType = wrapper.application; includeInIndex = 0; path = DreamLister.app; sourceTree = BUILT_PRODUCTS_DIR; };
		D6676DED1F6B2E5B003537E8 /* AppDelegate.swift */ = {isa = PBXFileReference; lastKnownFileType = sourcecode.swift; path = AppDelegate.swift; sourceTree = "<group>"; };
		D6676DEF1F6B2E5B003537E8 /* MainVC.swift */ = {isa = PBXFileReference; lastKnownFileType = sourcecode.swift; path = MainVC.swift; sourceTree = "<group>"; };
		D6676DF21F6B2E5B003537E8 /* Base */ = {isa = PBXFileReference; lastKnownFileType = file.storyboard; name = Base; path = Base.lproj/Main.storyboard; sourceTree = "<group>"; };
		D6676DF51F6B2E5B003537E8 /* DreamLister.xcdatamodel */ = {isa = PBXFileReference; lastKnownFileType = wrapper.xcdatamodel; path = DreamLister.xcdatamodel; sourceTree = "<group>"; };
		D6676DF71F6B2E5B003537E8 /* Assets.xcassets */ = {isa = PBXFileReference; lastKnownFileType = folder.assetcatalog; path = Assets.xcassets; sourceTree = "<group>"; };
		D6676DFA1F6B2E5B003537E8 /* Base */ = {isa = PBXFileReference; lastKnownFileType = file.storyboard; name = Base; path = Base.lproj/LaunchScreen.storyboard; sourceTree = "<group>"; };
		D6676DFC1F6B2E5B003537E8 /* Info.plist */ = {isa = PBXFileReference; lastKnownFileType = text.plist.xml; path = Info.plist; sourceTree = "<group>"; };
		D69222811F6B78A100FA5922 /* Tesla_Model_X.jpg */ = {isa = PBXFileReference; lastKnownFileType = image.jpeg; path = Tesla_Model_X.jpg; sourceTree = "<group>"; };
		D69222841F6B790300FA5922 /* MaterialView.swift */ = {isa = PBXFileReference; fileEncoding = 4; lastKnownFileType = sourcecode.swift; path = MaterialView.swift; sourceTree = "<group>"; };
		D69222861F6B7C1500FA5922 /* ItemCell.swift */ = {isa = PBXFileReference; fileEncoding = 4; lastKnownFileType = sourcecode.swift; path = ItemCell.swift; sourceTree = "<group>"; };
/* End PBXFileReference section */

/* Begin PBXFrameworksBuildPhase section */
		D6676DE71F6B2E5B003537E8 /* Frameworks */ = {
			isa = PBXFrameworksBuildPhase;
			buildActionMask = 2147483647;
			files = (
			);
			runOnlyForDeploymentPostprocessing = 0;
		};
/* End PBXFrameworksBuildPhase section */

/* Begin PBXGroup section */
		D6676DE11F6B2E5B003537E8 = {
			isa = PBXGroup;
			children = (
				D6676DEC1F6B2E5B003537E8 /* DreamLister */,
				D6676DEB1F6B2E5B003537E8 /* Products */,
			);
			sourceTree = "<group>";
		};
		D6676DEB1F6B2E5B003537E8 /* Products */ = {
			isa = PBXGroup;
			children = (
				D6676DEA1F6B2E5B003537E8 /* DreamLister.app */,
			);
			name = Products;
			sourceTree = "<group>";
		};
		D6676DEC1F6B2E5B003537E8 /* DreamLister */ = {
			isa = PBXGroup;
			children = (
				D69222831F6B78E700FA5922 /* View */,
				D6676DED1F6B2E5B003537E8 /* AppDelegate.swift */,
				D6676DEF1F6B2E5B003537E8 /* MainVC.swift */,
				D6676DF11F6B2E5B003537E8 /* Main.storyboard */,
				D6676DF71F6B2E5B003537E8 /* Assets.xcassets */,
				D69222811F6B78A100FA5922 /* Tesla_Model_X.jpg */,
				D6676DF91F6B2E5B003537E8 /* LaunchScreen.storyboard */,
				D6676DFC1F6B2E5B003537E8 /* Info.plist */,
				D6676DF41F6B2E5B003537E8 /* DreamLister.xcdatamodeld */,
			);
			path = DreamLister;
			sourceTree = "<group>";
		};
		D69222831F6B78E700FA5922 /* View */ = {
			isa = PBXGroup;
			children = (
				D69222841F6B790300FA5922 /* MaterialView.swift */,
				D69222861F6B7C1500FA5922 /* ItemCell.swift */,
			);
			name = View;
			sourceTree = "<group>";
		};
/* End PBXGroup section */

/* Begin PBXNativeTarget section */
		D6676DE91F6B2E5B003537E8 /* DreamLister */ = {
			isa = PBXNativeTarget;
			buildConfigurationList = D6676DFF1F6B2E5B003537E8 /* Build configuration list for PBXNativeTarget "DreamLister" */;
			buildPhases = (
				D6676DE61F6B2E5B003537E8 /* Sources */,
				D6676DE71F6B2E5B003537E8 /* Frameworks */,
				D6676DE81F6B2E5B003537E8 /* Resources */,
			);
			buildRules = (
			);
			dependencies = (
			);
			name = DreamLister;
			productName = DreamLister;
			productReference = D6676DEA1F6B2E5B003537E8 /* DreamLister.app */;
			productType = "com.apple.product-type.application";
		};
/* End PBXNativeTarget section */

/* Begin PBXProject section */
		D6676DE21F6B2E5B003537E8 /* Project object */ = {
			isa = PBXProject;
			attributes = {
				LastSwiftUpdateCheck = 0830;
				LastUpgradeCheck = 0830;
				ORGANIZATIONNAME = "Sabrina Fletcher";
				TargetAttributes = {
					D6676DE91F6B2E5B003537E8 = {
						CreatedOnToolsVersion = 8.3.3;
						DevelopmentTeam = FUWHW8446R;
						ProvisioningStyle = Automatic;
					};
				};
			};
			buildConfigurationList = D6676DE51F6B2E5B003537E8 /* Build configuration list for PBXProject "DreamLister" */;
			compatibilityVersion = "Xcode 3.2";
			developmentRegion = English;
			hasScannedForEncodings = 0;
			knownRegions = (
				en,
				Base,
			);
			mainGroup = D6676DE11F6B2E5B003537E8;
			productRefGroup = D6676DEB1F6B2E5B003537E8 /* Products */;
			projectDirPath = "";
			projectRoot = "";
			targets = (
				D6676DE91F6B2E5B003537E8 /* DreamLister */,
			);
		};
/* End PBXProject section */

/* Begin PBXResourcesBuildPhase section */
		D6676DE81F6B2E5B003537E8 /* Resources */ = {
			isa = PBXResourcesBuildPhase;
			buildActionMask = 2147483647;
			files = (
				D69222821F6B78A100FA5922 /* Tesla_Model_X.jpg in Resources */,
				D6676DFB1F6B2E5B003537E8 /* LaunchScreen.storyboard in Resources */,
				D6676DF81F6B2E5B003537E8 /* Assets.xcassets in Resources */,
				D6676DF31F6B2E5B003537E8 /* Main.storyboard in Resources */,
			);
			runOnlyForDeploymentPostprocessing = 0;
		};
/* End PBXResourcesBuildPhase section */

/* Begin PBXSourcesBuildPhase section */
		D6676DE61F6B2E5B003537E8 /* Sources */ = {
			isa = PBXSourcesBuildPhase;
			buildActionMask = 2147483647;
			files = (
				D6676DF01F6B2E5B003537E8 /* MainVC.swift in Sources */,
				D6676DEE1F6B2E5B003537E8 /* AppDelegate.swift in Sources */,
				D6676DF61F6B2E5B003537E8 /* DreamLister.xcdatamodeld in Sources */,
				D69222851F6B790300FA5922 /* MaterialView.swift in Sources */,
				D69222871F6B7C1500FA5922 /* ItemCell.swift in Sources */,
			);
			runOnlyForDeploymentPostprocessing = 0;
		};
/* End PBXSourcesBuildPhase section */

/* Begin PBXVariantGroup section */
		D6676DF11F6B2E5B003537E8 /* Main.storyboard */ = {
			isa = PBXVariantGroup;
			children = (
				D6676DF21F6B2E5B003537E8 /* Base */,
			);
			name = Main.storyboard;
			sourceTree = "<group>";
		};
		D6676DF91F6B2E5B003537E8 /* LaunchScreen.storyboard */ = {
			isa = PBXVariantGroup;
			children = (
				D6676DFA1F6B2E5B003537E8 /* Base */,
			);
			name = LaunchScreen.storyboard;
			sourceTree = "<group>";
		};
/* End PBXVariantGroup section */

/* Begin XCBuildConfiguration section */
		D6676DFD1F6B2E5B003537E8 /* Debug */ = {
			isa = XCBuildConfiguration;
			buildSettings = {
				ALWAYS_SEARCH_USER_PATHS = NO;
				CLANG_ANALYZER_NONNULL = YES;
				CLANG_ANALYZER_NUMBER_OBJECT_CONVERSION = YES_AGGRESSIVE;
				CLANG_CXX_LANGUAGE_STANDARD = "gnu++0x";
				CLANG_CXX_LIBRARY = "libc++";
				CLANG_ENABLE_MODULES = YES;
				CLANG_ENABLE_OBJC_ARC = YES;
				CLANG_WARN_BOOL_CONVERSION = YES;
				CLANG_WARN_CONSTANT_CONVERSION = YES;
				CLANG_WARN_DIRECT_OBJC_ISA_USAGE = YES_ERROR;
				CLANG_WARN_DOCUMENTATION_COMMENTS = YES;
				CLANG_WARN_EMPTY_BODY = YES;
				CLANG_WARN_ENUM_CONVERSION = YES;
				CLANG_WARN_INFINITE_RECURSION = YES;
				CLANG_WARN_INT_CONVERSION = YES;
				CLANG_WARN_OBJC_ROOT_CLASS = YES_ERROR;
				CLANG_WARN_SUSPICIOUS_MOVE = YES;
				CLANG_WARN_UNREACHABLE_CODE = YES;
				CLANG_WARN__DUPLICATE_METHOD_MATCH = YES;
				"CODE_SIGN_IDENTITY[sdk=iphoneos*]" = "iPhone Developer";
				COPY_PHASE_STRIP = NO;
				DEBUG_INFORMATION_FORMAT = dwarf;
				ENABLE_STRICT_OBJC_MSGSEND = YES;
				ENABLE_TESTABILITY = YES;
				GCC_C_LANGUAGE_STANDARD = gnu99;
				GCC_DYNAMIC_NO_PIC = NO;
				GCC_NO_COMMON_BLOCKS = YES;
				GCC_OPTIMIZATION_LEVEL = 0;
				GCC_PREPROCESSOR_DEFINITIONS = (
					"DEBUG=1",
					"$(inherited)",
				);
				GCC_WARN_64_TO_32_BIT_CONVERSION = YES;
				GCC_WARN_ABOUT_RETURN_TYPE = YES_ERROR;
				GCC_WARN_UNDECLARED_SELECTOR = YES;
				GCC_WARN_UNINITIALIZED_AUTOS = YES_AGGRESSIVE;
				GCC_WARN_UNUSED_FUNCTION = YES;
				GCC_WARN_UNUSED_VARIABLE = YES;
				IPHONEOS_DEPLOYMENT_TARGET = 10.3;
				MTL_ENABLE_DEBUG_INFO = YES;
				ONLY_ACTIVE_ARCH = YES;
				SDKROOT = iphoneos;
				SWIFT_ACTIVE_COMPILATION_CONDITIONS = DEBUG;
				SWIFT_OPTIMIZATION_LEVEL = "-Onone";
			};
			name = Debug;
		};
		D6676DFE1F6B2E5B003537E8 /* Release */ = {
			isa = XCBuildConfiguration;
			buildSettings = {
				ALWAYS_SEARCH_USER_PATHS = NO;
				CLANG_ANALYZER_NONNULL = YES;
				CLANG_ANALYZER_NUMBER_OBJECT_CONVERSION = YES_AGGRESSIVE;
				CLANG_CXX_LANGUAGE_STANDARD = "gnu++0x";
				CLANG_CXX_LIBRARY = "libc++";
				CLANG_ENABLE_MODULES = YES;
				CLANG_ENABLE_OBJC_ARC = YES;
				CLANG_WARN_BOOL_CONVERSION = YES;
				CLANG_WARN_CONSTANT_CONVERSION = YES;
				CLANG_WARN_DIRECT_OBJC_ISA_USAGE = YES_ERROR;
				CLANG_WARN_DOCUMENTATION_COMMENTS = YES;
				CLANG_WARN_EMPTY_BODY = YES;
				CLANG_WARN_ENUM_CONVERSION = YES;
				CLANG_WARN_INFINITE_RECURSION = YES;
				CLANG_WARN_INT_CONVERSION = YES;
				CLANG_WARN_OBJC_ROOT_CLASS = YES_ERROR;
				CLANG_WARN_SUSPICIOUS_MOVE = YES;
				CLANG_WARN_UNREACHABLE_CODE = YES;
				CLANG_WARN__DUPLICATE_METHOD_MATCH = YES;
				"CODE_SIGN_IDENTITY[sdk=iphoneos*]" = "iPhone Developer";
				COPY_PHASE_STRIP = NO;
				DEBUG_INFORMATION_FORMAT = "dwarf-with-dsym";
				ENABLE_NS_ASSERTIONS = NO;
				ENABLE_STRICT_OBJC_MSGSEND = YES;
				GCC_C_LANGUAGE_STANDARD = gnu99;
				GCC_NO_COMMON_BLOCKS = YES;
				GCC_WARN_64_TO_32_BIT_CONVERSION = YES;
				GCC_WARN_ABOUT_RETURN_TYPE = YES_ERROR;
				GCC_WARN_UNDECLARED_SELECTOR = YES;
				GCC_WARN_UNINITIALIZED_AUTOS = YES_AGGRESSIVE;
				GCC_WARN_UNUSED_FUNCTION = YES;
				GCC_WARN_UNUSED_VARIABLE = YES;
				IPHONEOS_DEPLOYMENT_TARGET = 10.3;
				MTL_ENABLE_DEBUG_INFO = NO;
				SDKROOT = iphoneos;
				SWIFT_OPTIMIZATION_LEVEL = "-Owholemodule";
				VALIDATE_PRODUCT = YES;
			};
			name = Release;
		};
		D6676E001F6B2E5B003537E8 /* Debug */ = {
			isa = XCBuildConfiguration;
			buildSettings = {
				ASSETCATALOG_COMPILER_APPICON_NAME = AppIcon;
				DEVELOPMENT_TEAM = FUWHW8446R;
				INFOPLIST_FILE = DreamLister/Info.plist;
				LD_RUNPATH_SEARCH_PATHS = "$(inherited) @executable_path/Frameworks";
				PRODUCT_BUNDLE_IDENTIFIER = SabrinaFletcher.DreamLister;
				PRODUCT_NAME = "$(TARGET_NAME)";
				SWIFT_VERSION = 3.0;
			};
			name = Debug;
		};
		D6676E011F6B2E5B003537E8 /* Release */ = {
			isa = XCBuildConfiguration;
			buildSettings = {
				ASSETCATALOG_COMPILER_APPICON_NAME = AppIcon;
				DEVELOPMENT_TEAM = FUWHW8446R;
				INFOPLIST_FILE = DreamLister/Info.plist;
				LD_RUNPATH_SEARCH_PATHS = "$(inherited) @executable_path/Frameworks";
				PRODUCT_BUNDLE_IDENTIFIER = SabrinaFletcher.DreamLister;
				PRODUCT_NAME = "$(TARGET_NAME)";
				SWIFT_VERSION = 3.0;
			};
			name = Release;
		};
/* End XCBuildConfiguration section */

/* Begin XCConfigurationList section */
		D6676DE51F6B2E5B003537E8 /* Build configuration list for PBXProject "DreamLister" */ = {
			isa = XCConfigurationList;
			buildConfigurations = (
				D6676DFD1F6B2E5B003537E8 /* Debug */,
				D6676DFE1F6B2E5B003537E8 /* Release */,
			);
			defaultConfigurationIsVisible = 0;
			defaultConfigurationName = Release;
		};
		D6676DFF1F6B2E5B003537E8 /* Build configuration list for PBXNativeTarget "DreamLister" */ = {
			isa = XCConfigurationList;
			buildConfigurations = (
				D6676E001F6B2E5B003537E8 /* Debug */,
				D6676E011F6B2E5B003537E8 /* Release */,
			);
			defaultConfigurationIsVisible = 0;
			defaultConfigurationName = Release;
		};
/* End XCConfigurationList section */

/* Begin XCVersionGroup section */
		D6676DF41F6B2E5B003537E8 /* DreamLister.xcdatamodeld */ = {
			isa = XCVersionGroup;
			children = (
				D6676DF51F6B2E5B003537E8 /* DreamLister.xcdatamodel */,
			);
			currentVersion = D6676DF51F6B2E5B003537E8 /* DreamLister.xcdatamodel */;
			path = DreamLister.xcdatamodeld;
			sourceTree = "<group>";
			versionGroupType = wrapper.xcdatamodel;
		};
/* End XCVersionGroup section */
	};
	rootObject = D6676DE21F6B2E5B003537E8 /* Project object */;
}
